<Solution>
  <Startup>
    <Project Path="src/SoberNetwork.Api/SoberNetwork.Api.csproj" />
  </Startup>
  <Folder Name="/src/">
    <Project Path="src/SoberNetwork.Api/SoberNetwork.Api.csproj" />
    <Project Path="src/SoberNetwork.Core/SoberNetwork.Core.csproj" />
    <Project Path="src/SoberNetwork.Domain/SoberNetwork.Domain.csproj" />
    <Project Path="src/SoberNetwork.Infrastructure/SoberNetwork.Infrastructure.csproj" />
  </Folder>
  <Folder Name="/tests/">
    <Project Path="tests/SoberNetwork.Api.Tests/SoberNetwork.Api.Tests.csproj" />
    <Project Path="tests/SoberNetwork.Core.Tests/SoberNetwork.Core.Tests.csproj" />
  </Folder>
  <Folder Name="/web/">
    <Project Path="src/SoberNetwork.Web/SoberNetwork.Web.esproj">
      <Build />
      <Deploy />
    </Project>
  </Folder>
</Solution>
